
Microsoft Visual Studio Solution File, Format Version 12.00
# Visual Studio 15
VisualStudioVersion = 15.0.26730.16
MinimumVisualStudioVersion = 10.0.40219.1
Project("{2150E333-8FDC-42A3-9474-1A3956D46DE8}") = "global", "global", "{1B255F12-5F5D-43FC-BF7A-6FF7FA2AAA87}"
	ProjectSection(SolutionItems) = preProject
		global.json = global.json
	EndProjectSection
EndProject
Project("{9A19103F-16F7-4668-BE54-9A1E7A4F7556}") = "Online.Store", "Online.Store\Online.Store.csproj", "{76574E32-9189-4F33-BB98-3F5DC9F1B048}"
EndProject
Project("{9A19103F-16F7-4668-BE54-9A1E7A4F7556}") = "Online.Store.Core", "Online.Store.Core\Online.Store.Core.csproj", "{0AA44EC3-48A9-4B6D-9040-1217A234458D}"
EndProject
Project("{9A19103F-16F7-4668-BE54-9A1E7A4F7556}") = "Online.Store.DocumentDB", "Online.Store.DocumentDB\Online.Store.DocumentDB.csproj", "{1158EF0F-5C26-4612-89EF-93AC2A7CCA55}"
EndProject
Project("{9A19103F-16F7-4668-BE54-9A1E7A4F7556}") = "Online.Store.Azure.Services", "Online.Store.Azure.Services\Online.Store.Azure.Services.csproj", "{95988E3A-8C51-4B76-AF4A-310AB433E9D1}"
EndProject
Project("{9A19103F-16F7-4668-BE54-9A1E7A4F7556}") = "Online.Store.Storage", "Online.Store.Storage\Online.Store.Storage.csproj", "{DDF8D45F-033A-4CD1-B9A5-04F8A9371E07}"
EndProject
Project("{9A19103F-16F7-4668-BE54-9A1E7A4F7556}") = "Online.Store.RedisCache", "Online.Store.RedisCache\Online.Store.RedisCache.csproj", "{78AD7DE9-2034-4C0E-A370-0EC7372F2525}"
EndProject
Project("{9A19103F-16F7-4668-BE54-9A1E7A4F7556}") = "Microsoft.Azure.SqlDatabase.ElasticScale.Client", "ElasticScale.Client\Microsoft.Azure.SqlDatabase.ElasticScale.Client.csproj", "{B60AB951-691B-4B86-8B70-34808D29132E}"
EndProject
Project("{FAE04EC0-301F-11D3-BF4B-00C04F79EFBC}") = "Online.Store.SqlServer", "Online.Store.SqlServer\Online.Store.SqlServer.csproj", "{088427DB-BF6F-4EE1-A33B-B76247FB949D}"
EndProject
Global
	GlobalSection(SolutionConfigurationPlatforms) = preSolution
		Debug|Any CPU = Debug|Any CPU
		Release|Any CPU = Release|Any CPU
	EndGlobalSection
	GlobalSection(ProjectConfigurationPlatforms) = postSolution
		{76574E32-9189-4F33-BB98-3F5DC9F1B048}.Debug|Any CPU.ActiveCfg = Debug|Any CPU
		{76574E32-9189-4F33-BB98-3F5DC9F1B048}.Debug|Any CPU.Build.0 = Debug|Any CPU
		{76574E32-9189-4F33-BB98-3F5DC9F1B048}.Release|Any CPU.ActiveCfg = Release|Any CPU
		{76574E32-9189-4F33-BB98-3F5DC9F1B048}.Release|Any CPU.Build.0 = Release|Any CPU
		{0AA44EC3-48A9-4B6D-9040-1217A234458D}.Debug|Any CPU.ActiveCfg = Debug|Any CPU
		{0AA44EC3-48A9-4B6D-9040-1217A234458D}.Debug|Any CPU.Build.0 = Debug|Any CPU
		{0AA44EC3-48A9-4B6D-9040-1217A234458D}.Release|Any CPU.ActiveCfg = Release|Any CPU
		{0AA44EC3-48A9-4B6D-9040-1217A234458D}.Release|Any CPU.Build.0 = Release|Any CPU
		{1158EF0F-5C26-4612-89EF-93AC2A7CCA55}.Debug|Any CPU.ActiveCfg = Debug|Any CPU
		{1158EF0F-5C26-4612-89EF-93AC2A7CCA55}.Debug|Any CPU.Build.0 = Debug|Any CPU
		{1158EF0F-5C26-4612-89EF-93AC2A7CCA55}.Release|Any CPU.ActiveCfg = Release|Any CPU
		{1158EF0F-5C26-4612-89EF-93AC2A7CCA55}.Release|Any CPU.Build.0 = Release|Any CPU
		{95988E3A-8C51-4B76-AF4A-310AB433E9D1}.Debug|Any CPU.ActiveCfg = Debug|Any CPU
		{95988E3A-8C51-4B76-AF4A-310AB433E9D1}.Debug|Any CPU.Build.0 = Debug|Any CPU
		{95988E3A-8C51-4B76-AF4A-310AB433E9D1}.Release|Any CPU.ActiveCfg = Release|Any CPU
		{95988E3A-8C51-4B76-AF4A-310AB433E9D1}.Release|Any CPU.Build.0 = Release|Any CPU
		{DDF8D45F-033A-4CD1-B9A5-04F8A9371E07}.Debug|Any CPU.ActiveCfg = Debug|Any CPU
		{DDF8D45F-033A-4CD1-B9A5-04F8A9371E07}.Debug|Any CPU.Build.0 = Debug|Any CPU
		{DDF8D45F-033A-4CD1-B9A5-04F8A9371E07}.Release|Any CPU.ActiveCfg = Release|Any CPU
		{DDF8D45F-033A-4CD1-B9A5-04F8A9371E07}.Release|Any CPU.Build.0 = Release|Any CPU
		{78AD7DE9-2034-4C0E-A370-0EC7372F2525}.Debug|Any CPU.ActiveCfg = Debug|Any CPU
		{78AD7DE9-2034-4C0E-A370-0EC7372F2525}.Debug|Any CPU.Build.0 = Debug|Any CPU
		{78AD7DE9-2034-4C0E-A370-0EC7372F2525}.Release|Any CPU.ActiveCfg = Release|Any CPU
		{78AD7DE9-2034-4C0E-A370-0EC7372F2525}.Release|Any CPU.Build.0 = Release|Any CPU
		{B60AB951-691B-4B86-8B70-34808D29132E}.Debug|Any CPU.ActiveCfg = Debug|Any CPU
		{B60AB951-691B-4B86-8B70-34808D29132E}.Debug|Any CPU.Build.0 = Debug|Any CPU
		{B60AB951-691B-4B86-8B70-34808D29132E}.Release|Any CPU.ActiveCfg = Release|Any CPU
		{B60AB951-691B-4B86-8B70-34808D29132E}.Release|Any CPU.Build.0 = Release|Any CPU
		{088427DB-BF6F-4EE1-A33B-B76247FB949D}.Debug|Any CPU.ActiveCfg = Debug|Any CPU
		{088427DB-BF6F-4EE1-A33B-B76247FB949D}.Debug|Any CPU.Build.0 = Debug|Any CPU
		{088427DB-BF6F-4EE1-A33B-B76247FB949D}.Release|Any CPU.ActiveCfg = Release|Any CPU
		{088427DB-BF6F-4EE1-A33B-B76247FB949D}.Release|Any CPU.Build.0 = Release|Any CPU
	EndGlobalSection
	GlobalSection(SolutionProperties) = preSolution
		HideSolutionNode = FALSE
	EndGlobalSection
	GlobalSection(ExtensibilityGlobals) = postSolution
		EnterpriseLibraryConfigurationToolBinariesPathV6 = packages\EnterpriseLibrary.TransientFaultHandling.6.0.1304.0\lib\portable-net45+win+wp8;packages\EnterpriseLibrary.TransientFaultHandling.Data.6.0.1304.1\lib\NET45
		EnterpriseLibraryConfigurationToolBinariesPath = packages\TransientFaultHandling.Core.5.1.1209.1\lib\NET4
		SolutionGuid = {C4EBA847-C3EF-4DCA-BB11-98CD97FDBC55}
	EndGlobalSection
EndGlobal
